
Microsoft Visual Studio Solution File, Format Version 12.00
# Visual Studio Version 16
VisualStudioVersion = 16.0.31112.23
MinimumVisualStudioVersion = 10.0.40219.1
Project("{FAE04EC0-301F-11D3-BF4B-00C04F79EFBC}") = "WPF_Ex3", "WPF_Ex3.csproj", "{52017B3E-1186-4152-9F64-3144EC268474}"
EndProject
Global
	GlobalSection(SolutionConfigurationPlatforms) = preSolution
		Debug|Any CPU = Debug|Any CPU
		Release|Any CPU = Release|Any CPU
	EndGlobalSection
	GlobalSection(ProjectConfigurationPlatforms) = postSolution
		{52017B3E-1186-4152-9F64-3144EC268474}.Debug|Any CPU.ActiveCfg = Debug|Any CPU
		{52017B3E-1186-4152-9F64-3144EC268474}.Debug|Any CPU.Build.0 = Debug|Any CPU
		{52017B3E-1186-4152-9F64-3144EC268474}.Release|Any CPU.ActiveCfg = Release|Any CPU
		{52017B3E-1186-4152-9F64-3144EC268474}.Release|Any CPU.Build.0 = Release|Any CPU
	EndGlobalSection
	GlobalSection(SolutionProperties) = preSolution
		HideSolutionNode = FALSE
	EndGlobalSection
	GlobalSection(ExtensibilityGlobals) = postSolution
		SolutionGuid = {1BCC2272-4310-44D2-AA4A-C4861180F95B}
	EndGlobalSection
EndGlobal
