
Microsoft Visual Studio Solution File, Format Version 12.00
# Visual Studio Version 16
VisualStudioVersion = 16.0.31205.134
MinimumVisualStudioVersion = 10.0.40219.1
Project("{FAE04EC0-301F-11D3-BF4B-00C04F79EFBC}") = "WPF_Ex4", "WPF_Ex4.csproj", "{3C5B0BA9-D09C-4133-B3D4-E5E611205BAD}"
EndProject
Global
	GlobalSection(SolutionConfigurationPlatforms) = preSolution
		Debug|Any CPU = Debug|Any CPU
		Release|Any CPU = Release|Any CPU
	EndGlobalSection
	GlobalSection(ProjectConfigurationPlatforms) = postSolution
		{3C5B0BA9-D09C-4133-B3D4-E5E611205BAD}.Debug|Any CPU.ActiveCfg = Debug|Any CPU
		{3C5B0BA9-D09C-4133-B3D4-E5E611205BAD}.Debug|Any CPU.Build.0 = Debug|Any CPU
		{3C5B0BA9-D09C-4133-B3D4-E5E611205BAD}.Release|Any CPU.ActiveCfg = Release|Any CPU
		{3C5B0BA9-D09C-4133-B3D4-E5E611205BAD}.Release|Any CPU.Build.0 = Release|Any CPU
	EndGlobalSection
	GlobalSection(SolutionProperties) = preSolution
		HideSolutionNode = FALSE
	EndGlobalSection
	GlobalSection(ExtensibilityGlobals) = postSolution
		SolutionGuid = {79B39EA4-6A43-4AC0-A311-905782618452}
	EndGlobalSection
EndGlobal
