
Microsoft Visual Studio Solution File, Format Version 12.00
# Visual Studio Version 16
VisualStudioVersion = 16.0.31205.134
MinimumVisualStudioVersion = 10.0.40219.1
Project("{FAE04EC0-301F-11D3-BF4B-00C04F79EFBC}") = "WPF_Ex8", "WPF_Ex8.csproj", "{8FAC9673-BAF3-4795-9965-68FD44E937F2}"
EndProject
Global
	GlobalSection(SolutionConfigurationPlatforms) = preSolution
		Debug|Any CPU = Debug|Any CPU
		Release|Any CPU = Release|Any CPU
	EndGlobalSection
	GlobalSection(ProjectConfigurationPlatforms) = postSolution
		{8FAC9673-BAF3-4795-9965-68FD44E937F2}.Debug|Any CPU.ActiveCfg = Debug|Any CPU
		{8FAC9673-BAF3-4795-9965-68FD44E937F2}.Debug|Any CPU.Build.0 = Debug|Any CPU
		{8FAC9673-BAF3-4795-9965-68FD44E937F2}.Release|Any CPU.ActiveCfg = Release|Any CPU
		{8FAC9673-BAF3-4795-9965-68FD44E937F2}.Release|Any CPU.Build.0 = Release|Any CPU
	EndGlobalSection
	GlobalSection(SolutionProperties) = preSolution
		HideSolutionNode = FALSE
	EndGlobalSection
	GlobalSection(ExtensibilityGlobals) = postSolution
		SolutionGuid = {73DD0FC0-F18C-4035-A350-0C3406B0DC8B}
	EndGlobalSection
EndGlobal
