
Microsoft Visual Studio Solution File, Format Version 12.00
# Visual Studio Version 16
VisualStudioVersion = 16.0.31424.327
MinimumVisualStudioVersion = 10.0.40219.1
Project("{FAE04EC0-301F-11D3-BF4B-00C04F79EFBC}") = "CalculadoraWPF", "CalculadoraWPF.csproj", "{9EE90D00-1B9C-42CD-AACE-A7A2355E2F8F}"
EndProject
Global
	GlobalSection(SolutionConfigurationPlatforms) = preSolution
		Debug|Any CPU = Debug|Any CPU
		Release|Any CPU = Release|Any CPU
	EndGlobalSection
	GlobalSection(ProjectConfigurationPlatforms) = postSolution
		{9EE90D00-1B9C-42CD-AACE-A7A2355E2F8F}.Debug|Any CPU.ActiveCfg = Debug|Any CPU
		{9EE90D00-1B9C-42CD-AACE-A7A2355E2F8F}.Debug|Any CPU.Build.0 = Debug|Any CPU
		{9EE90D00-1B9C-42CD-AACE-A7A2355E2F8F}.Release|Any CPU.ActiveCfg = Release|Any CPU
		{9EE90D00-1B9C-42CD-AACE-A7A2355E2F8F}.Release|Any CPU.Build.0 = Release|Any CPU
	EndGlobalSection
	GlobalSection(SolutionProperties) = preSolution
		HideSolutionNode = FALSE
	EndGlobalSection
	GlobalSection(ExtensibilityGlobals) = postSolution
		SolutionGuid = {756618C0-3C55-4BCA-82B0-B5BA2CBD2C35}
	EndGlobalSection
EndGlobal
