
Microsoft Visual Studio Solution File, Format Version 12.00
# Visual Studio Version 16
VisualStudioVersion = 16.0.31321.278
MinimumVisualStudioVersion = 10.0.40219.1
Project("{FAE04EC0-301F-11D3-BF4B-00C04F79EFBC}") = "Ex9e10", "Ex9e10.csproj", "{8E653CA2-8983-4AB7-AEA8-40CE2F9CD482}"
EndProject
Global
	GlobalSection(SolutionConfigurationPlatforms) = preSolution
		Debug|Any CPU = Debug|Any CPU
		Release|Any CPU = Release|Any CPU
	EndGlobalSection
	GlobalSection(ProjectConfigurationPlatforms) = postSolution
		{8E653CA2-8983-4AB7-AEA8-40CE2F9CD482}.Debug|Any CPU.ActiveCfg = Debug|Any CPU
		{8E653CA2-8983-4AB7-AEA8-40CE2F9CD482}.Debug|Any CPU.Build.0 = Debug|Any CPU
		{8E653CA2-8983-4AB7-AEA8-40CE2F9CD482}.Release|Any CPU.ActiveCfg = Release|Any CPU
		{8E653CA2-8983-4AB7-AEA8-40CE2F9CD482}.Release|Any CPU.Build.0 = Release|Any CPU
	EndGlobalSection
	GlobalSection(SolutionProperties) = preSolution
		HideSolutionNode = FALSE
	EndGlobalSection
	GlobalSection(ExtensibilityGlobals) = postSolution
		SolutionGuid = {B7FF2995-5889-45B9-B3FC-14F6D8CC9679}
	EndGlobalSection
EndGlobal
