
Microsoft Visual Studio Solution File, Format Version 12.00
# Visual Studio Version 16
VisualStudioVersion = 16.0.31205.134
MinimumVisualStudioVersion = 10.0.40219.1
Project("{FAE04EC0-301F-11D3-BF4B-00C04F79EFBC}") = "WPF_Ex5", "WPF_Ex5\WPF_Ex5.csproj", "{DD37A947-FF51-463B-B626-3C3B3709712B}"
EndProject
Global
	GlobalSection(SolutionConfigurationPlatforms) = preSolution
		Debug|Any CPU = Debug|Any CPU
		Release|Any CPU = Release|Any CPU
	EndGlobalSection
	GlobalSection(ProjectConfigurationPlatforms) = postSolution
		{DD37A947-FF51-463B-B626-3C3B3709712B}.Debug|Any CPU.ActiveCfg = Debug|Any CPU
		{DD37A947-FF51-463B-B626-3C3B3709712B}.Debug|Any CPU.Build.0 = Debug|Any CPU
		{DD37A947-FF51-463B-B626-3C3B3709712B}.Release|Any CPU.ActiveCfg = Release|Any CPU
		{DD37A947-FF51-463B-B626-3C3B3709712B}.Release|Any CPU.Build.0 = Release|Any CPU
	EndGlobalSection
	GlobalSection(SolutionProperties) = preSolution
		HideSolutionNode = FALSE
	EndGlobalSection
	GlobalSection(ExtensibilityGlobals) = postSolution
		SolutionGuid = {C6424A89-4213-4DB3-B756-377059BFF927}
	EndGlobalSection
EndGlobal
